	<Project xmlns="http://schemas.microsoft.com/developer/msbuild/2003">
		<PropertyGroup>
			<ProjectGuid>{06F51F79-EF25-4598-B920-A89A1BD29300}</ProjectGuid>
			<MainSource>HashLib.Tests.TestInsight.dpr</MainSource>
			<Config Condition="'$(Config)'==''">Debug</Config>
			<DCC_DCCCompiler>DCC32</DCC_DCCCompiler>
			<ProjectVersion>12.0</ProjectVersion>
		</PropertyGroup>
		<PropertyGroup Condition="'$(Config)'=='Base' or '$(Base)'!=''">
			<Base>true</Base>
		</PropertyGroup>
		<PropertyGroup Condition="'$(Config)'=='Release' or '$(Cfg_1)'!=''">
			<Cfg_1>true</Cfg_1>
			<CfgParent>Base</CfgParent>
			<Base>true</Base>
		</PropertyGroup>
		<PropertyGroup Condition="'$(Config)'=='Debug' or '$(Cfg_2)'!=''">
			<Cfg_2>true</Cfg_2>
			<CfgParent>Base</CfgParent>
			<Base>true</Base>
		</PropertyGroup>
		<PropertyGroup Condition="'$(Base)'!=''">
			<DCC_ImageBase>00400000</DCC_ImageBase>
			<DCC_E>false</DCC_E>
			<DCC_Platform>x86</DCC_Platform>
			<DCC_DependencyCheckOutputName>HashLib.Tests.TestInsight.exe</DCC_DependencyCheckOutputName>
			<DCC_N>false</DCC_N>
			<DCC_S>false</DCC_S>
			<DCC_F>false</DCC_F>
			<DCC_K>false</DCC_K>
		</PropertyGroup>
		<PropertyGroup Condition="'$(Cfg_1)'!=''">
			<DCC_LocalDebugSymbols>false</DCC_LocalDebugSymbols>
			<DCC_Define>RELEASE;$(DCC_Define)</DCC_Define>
			<DCC_SymbolReferenceInfo>0</DCC_SymbolReferenceInfo>
			<DCC_DebugInformation>false</DCC_DebugInformation>
		</PropertyGroup>
		<PropertyGroup Condition="'$(Cfg_2)'!=''">
			<DCC_Define>DEBUG;$(DCC_Define)</DCC_Define>
		</PropertyGroup>
		<ItemGroup>
			<DelphiCompile Include="HashLib.Tests.TestInsight.dpr">
				<MainSource>MainSource</MainSource>
			</DelphiCompile>
			<DCCReference Include="..\..\HashLib\src\Base\HlpHash.pas"/>
			<DCCReference Include="..\..\HashLib\src\Base\HlpKDF.pas"/>
			<DCCReference Include="..\..\HashLib\src\Base\HlpHashBuffer.pas"/>
			<DCCReference Include="..\..\HashLib\src\Base\HlpHashCryptoNotBuildIn.pas"/>
			<DCCReference Include="..\..\HashLib\src\Base\HlpHashFactory.pas"/>
			<DCCReference Include="..\..\HashLib\src\Base\HlpHashResult.pas"/>
			<DCCReference Include="..\..\HashLib\src\Base\HlpHashRounds.pas"/>
			<DCCReference Include="..\..\HashLib\src\Base\HlpHashSize.pas"/>
			<DCCReference Include="..\..\HashLib\src\Base\HlpHMACNotBuildInAdapter.pas"/>
			<DCCReference Include="..\..\HashLib\src\Base\HlpMultipleTransformNonBlock.pas"/>
			<DCCReference Include="..\..\HashLib\src\Checksum\HlpAdler32.pas"/>
			<DCCReference Include="..\..\HashLib\src\Checksum\HlpCRC.pas"/>
			<DCCReference Include="..\..\HashLib\src\Checksum\HlpCRC16.pas"/>
			<DCCReference Include="..\..\HashLib\src\Checksum\HlpCRC32.pas"/>
			<DCCReference Include="..\..\HashLib\src\Checksum\HlpCRC64.pas"/>
			<DCCReference Include="..\..\HashLib\src\Crypto\HlpGost.pas"/>
			<DCCReference Include="..\..\HashLib\src\Crypto\HlpGrindahl256.pas"/>
			<DCCReference Include="..\..\HashLib\src\Crypto\HlpGrindahl512.pas"/>
			<DCCReference Include="..\..\HashLib\src\Crypto\HlpHAS160.pas"/>
			<DCCReference Include="..\..\HashLib\src\Crypto\HlpHaval.pas"/>
			<DCCReference Include="..\..\HashLib\src\Crypto\HlpMD2.pas"/>
			<DCCReference Include="..\..\HashLib\src\Crypto\HlpMD4.pas"/>
			<DCCReference Include="..\..\HashLib\src\Crypto\HlpMD5.pas"/>
			<DCCReference Include="..\..\HashLib\src\Crypto\HlpMDBase.pas"/>
			<DCCReference Include="..\..\HashLib\src\Crypto\HlpPanama.pas"/>
			<DCCReference Include="..\..\HashLib\src\Crypto\HlpRadioGatun32.pas"/>
			<DCCReference Include="..\..\HashLib\src\Crypto\HlpRadioGatun64.pas"/>
			<DCCReference Include="..\..\HashLib\src\Crypto\HlpRIPEMD.pas"/>
			<DCCReference Include="..\..\HashLib\src\Crypto\HlpRIPEMD128.pas"/>
			<DCCReference Include="..\..\HashLib\src\Crypto\HlpRIPEMD160.pas"/>
			<DCCReference Include="..\..\HashLib\src\Crypto\HlpRIPEMD256.pas"/>
			<DCCReference Include="..\..\HashLib\src\Crypto\HlpRIPEMD320.pas"/>
			<DCCReference Include="..\..\HashLib\src\Crypto\HlpSHA0.pas"/>
			<DCCReference Include="..\..\HashLib\src\Crypto\HlpSHA1.pas"/>
			<DCCReference Include="..\..\HashLib\src\Crypto\HlpSHA2_224.pas"/>
			<DCCReference Include="..\..\HashLib\src\Crypto\HlpSHA2_256.pas"/>
			<DCCReference Include="..\..\HashLib\src\Crypto\HlpSHA2_256Base.pas"/>
			<DCCReference Include="..\..\HashLib\src\Crypto\HlpSHA2_384.pas"/>
			<DCCReference Include="..\..\HashLib\src\Crypto\HlpSHA2_512.pas"/>
			<DCCReference Include="..\..\HashLib\src\Crypto\HlpSHA2_512_224.pas"/>
			<DCCReference Include="..\..\HashLib\src\Crypto\HlpSHA2_512_256.pas"/>
			<DCCReference Include="..\..\HashLib\src\Crypto\HlpSHA2_512Base.pas"/>
			<DCCReference Include="..\..\HashLib\src\Crypto\HlpSHA3.pas"/>
			<DCCReference Include="..\..\HashLib\src\Crypto\HlpSnefru.pas"/>
			<DCCReference Include="..\..\HashLib\src\Crypto\HlpTiger.pas"/>
			<DCCReference Include="..\..\HashLib\src\Crypto\HlpTiger2.pas"/>
			<DCCReference Include="..\..\HashLib\src\Crypto\HlpWhirlPool.pas"/>
			<DCCReference Include="..\..\HashLib\src\Crypto\HlpBlake2B.pas"/>
			<DCCReference Include="..\..\HashLib\src\Crypto\HlpBlake2S.pas"/>
			<DCCReference Include="..\..\HashLib\src\Crypto\Blake2BConfigurations\HlpBlake2BConfig.pas"/>
			<DCCReference Include="..\..\HashLib\src\Crypto\Blake2BConfigurations\HlpBlake2BIvBuilder.pas"/>
			<DCCReference Include="..\..\HashLib\src\Crypto\Blake2BConfigurations\HlpBlake2BTreeConfig.pas"/>
			<DCCReference Include="..\..\HashLib\src\Crypto\Blake2SConfigurations\HlpBlake2SConfig.pas"/>
			<DCCReference Include="..\..\HashLib\src\Crypto\Blake2SConfigurations\HlpBlake2SIvBuilder.pas"/>
			<DCCReference Include="..\..\HashLib\src\Crypto\Blake2SConfigurations\HlpBlake2STreeConfig.pas"/>
			<DCCReference Include="..\..\HashLib\src\NullDigest\HlpNullDigest.pas"/>
			<DCCReference Include="..\..\HashLib\src\Hash32\HlpAP.pas"/>
			<DCCReference Include="..\..\HashLib\src\Hash32\HlpBernstein.pas"/>
			<DCCReference Include="..\..\HashLib\src\Hash32\HlpBernstein1.pas"/>
			<DCCReference Include="..\..\HashLib\src\Hash32\HlpBKDR.pas"/>
			<DCCReference Include="..\..\HashLib\src\Hash32\HlpDEK.pas"/>
			<DCCReference Include="..\..\HashLib\src\Hash32\HlpDJB.pas"/>
			<DCCReference Include="..\..\HashLib\src\Hash32\HlpELF.pas"/>
			<DCCReference Include="..\..\HashLib\src\Hash32\HlpFNV.pas"/>
			<DCCReference Include="..\..\HashLib\src\Hash32\HlpFNV1a.pas"/>
			<DCCReference Include="..\..\HashLib\src\Hash32\HlpJenkins3.pas"/>
			<DCCReference Include="..\..\HashLib\src\Hash32\HlpJS.pas"/>
			<DCCReference Include="..\..\HashLib\src\Hash32\HlpMurmur2.pas"/>
			<DCCReference Include="..\..\HashLib\src\Hash32\HlpMurmurHash3_x86_32.pas"/>
			<DCCReference Include="..\..\HashLib\src\Hash32\HlpOneAtTime.pas"/>
			<DCCReference Include="..\..\HashLib\src\Hash32\HlpPJW.pas"/>
			<DCCReference Include="..\..\HashLib\src\Hash32\HlpRotating.pas"/>
			<DCCReference Include="..\..\HashLib\src\Hash32\HlpRS.pas"/>
			<DCCReference Include="..\..\HashLib\src\Hash32\HlpSDBM.pas"/>
			<DCCReference Include="..\..\HashLib\src\Hash32\HlpShiftAndXor.pas"/>
			<DCCReference Include="..\..\HashLib\src\Hash32\HlpSuperFast.pas"/>
			<DCCReference Include="..\..\HashLib\src\Hash32\HlpXXHash32.pas"/>
			<DCCReference Include="..\..\HashLib\src\Hash64\HlpFNV1a64.pas"/>
			<DCCReference Include="..\..\HashLib\src\Hash64\HlpFNV64.pas"/>
			<DCCReference Include="..\..\HashLib\src\Hash64\HlpMurmur2_64.pas"/>
			<DCCReference Include="..\..\HashLib\src\Hash64\HlpSipHash.pas"/>
			<DCCReference Include="..\..\HashLib\src\Hash64\HlpXXHash64.pas"/>
			<DCCReference Include="..\..\HashLib\src\Hash128\HlpMurmurHash3_x86_128.pas"/>
			<DCCReference Include="..\..\HashLib\src\Hash128\HlpMurmurHash3_x64_128.pas"/>
			<DCCReference Include="..\..\HashLib\src\Interfaces\HlpIHash.pas"/>
			<DCCReference Include="..\..\HashLib\src\Interfaces\HlpIKDF.pas"/>
			<DCCReference Include="..\..\HashLib\src\Interfaces\HlpICRC.pas"/>
			<DCCReference Include="..\..\HashLib\src\Interfaces\HlpIHashInfo.pas"/>
			<DCCReference Include="..\..\HashLib\src\Interfaces\HlpIHashResult.pas"/>
			<DCCReference Include="..\..\HashLib\src\Interfaces\IBlake2BConfigurations\HlpIBlake2BConfig.pas"/>
			<DCCReference Include="..\..\HashLib\src\Interfaces\IBlake2SConfigurations\HlpIBlake2SConfig.pas"/>
			<DCCReference Include="..\..\HashLib\src\Interfaces\IBlake2SConfigurations\HlpIBlake2STreeConfig.pas"/>
			<DCCReference Include="..\..\HashLib\src\Interfaces\IBlake2BConfigurations\HlpIBlake2BTreeConfig.pas"/>
			<DCCReference Include="..\..\HashLib\src\KDF\HlpPBKDF2_HMACNotBuildInAdapter.pas"/>
			<DCCReference Include="..\..\HashLib\src\Nullable\HlpNullable.pas"/>
			<DCCReference Include="..\..\HashLib\src\Utils\HlpConverters.pas"/>
			<DCCReference Include="..\..\HashLib\src\Utils\HlpBitConverter.pas"/>
			<DCCReference Include="..\..\HashLib\src\Utils\HlpBits.pas"/>
			<DCCReference Include="..\..\HashLib\src\Utils\HlpHashLibTypes.pas"/>
			<DCCReference Include="..\src\HashLibTests.pas"/>
			<DCCReference Include="..\src\BitConverterTests.pas"/>
			<DCCReference Include="..\src\PBKDF2_HMACTests.pas"/>
			<DCCReference Include="..\src\Blake2BTestVectors.pas"/>
			<DCCReference Include="..\src\Blake2STestVectors.pas"/>
			<DCCReference Include="..\..\HashLib\src\Crypto\HlpGOST3411_2012.pas"/>
			<BuildConfiguration Include="Base">
				<Key>Base</Key>
			</BuildConfiguration>
			<BuildConfiguration Include="Debug">
				<Key>Cfg_2</Key>
				<CfgParent>Base</CfgParent>
			</BuildConfiguration>
			<BuildConfiguration Include="Release">
				<Key>Cfg_1</Key>
				<CfgParent>Base</CfgParent>
			</BuildConfiguration>
		</ItemGroup>
		<Import Project="$(BDS)\Bin\CodeGear.Delphi.Targets" Condition="Exists('$(BDS)\Bin\CodeGear.Delphi.Targets')"/>
		<ProjectExtensions>
			<Borland.Personality>Delphi.Personality.12</Borland.Personality>
			<Borland.ProjectType>VCLApplication</Borland.ProjectType>
			<BorlandProject>
				<Delphi.Personality>
					<Source>
						<Source Name="MainSource">HashLib.Tests.TestInsight.dpr</Source>
					</Source>
					<Parameters>
						<Parameters Name="UseLauncher">False</Parameters>
						<Parameters Name="LoadAllSymbols">True</Parameters>
						<Parameters Name="LoadUnspecifiedSymbols">False</Parameters>
					</Parameters>
					<VersionInfo>
						<VersionInfo Name="IncludeVerInfo">False</VersionInfo>
						<VersionInfo Name="AutoIncBuild">False</VersionInfo>
						<VersionInfo Name="MajorVer">1</VersionInfo>
						<VersionInfo Name="MinorVer">0</VersionInfo>
						<VersionInfo Name="Release">0</VersionInfo>
						<VersionInfo Name="Build">0</VersionInfo>
						<VersionInfo Name="Debug">False</VersionInfo>
						<VersionInfo Name="PreRelease">False</VersionInfo>
						<VersionInfo Name="Special">False</VersionInfo>
						<VersionInfo Name="Private">False</VersionInfo>
						<VersionInfo Name="DLL">False</VersionInfo>
						<VersionInfo Name="Locale">2052</VersionInfo>
						<VersionInfo Name="CodePage">936</VersionInfo>
					</VersionInfo>
					<VersionInfoKeys>
						<VersionInfoKeys Name="CompanyName"/>
						<VersionInfoKeys Name="FileDescription"/>
						<VersionInfoKeys Name="FileVersion">1.0.0.0</VersionInfoKeys>
						<VersionInfoKeys Name="InternalName"/>
						<VersionInfoKeys Name="LegalCopyright"/>
						<VersionInfoKeys Name="LegalTrademarks"/>
						<VersionInfoKeys Name="OriginalFilename"/>
						<VersionInfoKeys Name="ProductName"/>
						<VersionInfoKeys Name="ProductVersion">1.0.0.0</VersionInfoKeys>
						<VersionInfoKeys Name="Comments"/>
					</VersionInfoKeys>
				</Delphi.Personality>
			</BorlandProject>
			<ProjectFileVersion>12</ProjectFileVersion>
		</ProjectExtensions>
	</Project>
